
Microsoft Visual Studio Solution File, Format Version 12.00
# Visual Studio Express 2012 for Windows Desktop
Project("{F184B08F-C81C-45F6-A57F-5ABD9991F28F}") = "MipartePerron", "MipartePerron\MipartePerron.vbproj", "{47995B93-4FF8-4CF7-85CF-533A7F0A3422}"
EndProject
Global
	GlobalSection(SolutionConfigurationPlatforms) = preSolution
		Debug|Any CPU = Debug|Any CPU
		Release|Any CPU = Release|Any CPU
	EndGlobalSection
	GlobalSection(ProjectConfigurationPlatforms) = postSolution
		{47995B93-4FF8-4CF7-85CF-533A7F0A3422}.Debug|Any CPU.ActiveCfg = Debug|Any CPU
		{47995B93-4FF8-4CF7-85CF-533A7F0A3422}.Debug|Any CPU.Build.0 = Debug|Any CPU
		{47995B93-4FF8-4CF7-85CF-533A7F0A3422}.Release|Any CPU.ActiveCfg = Release|Any CPU
		{47995B93-4FF8-4CF7-85CF-533A7F0A3422}.Release|Any CPU.Build.0 = Release|Any CPU
	EndGlobalSection
	GlobalSection(SolutionProperties) = preSolution
		HideSolutionNode = FALSE
	EndGlobalSection
EndGlobal
